
Microsoft Visual Studio Solution File, Format Version 12.00
# Visual Studio Version 16
VisualStudioVersion = 16.0.30621.155
MinimumVisualStudioVersion = 10.0.40219.1
Project("{2150E333-8FDC-42A3-9474-1A3956D46DE8}") = "1. Shared", "1. Shared", "{576D72DF-0AFB-415B-BE0C-CD3B6B6FB309}"
EndProject
Project("{2150E333-8FDC-42A3-9474-1A3956D46DE8}") = "2. Model", "2. Model", "{DBAD7AC5-8C52-47F0-A090-86D49F6CC1D0}"
EndProject
Project("{2150E333-8FDC-42A3-9474-1A3956D46DE8}") = "3. Repository", "3. Repository", "{2F1FA279-2111-41EA-A26D-C8D306DC3DC2}"
EndProject
Project("{2150E333-8FDC-42A3-9474-1A3956D46DE8}") = "4. Domain", "4. Domain", "{40F534CE-7066-4B80-ACFC-79DD2EFBC7CD}"
EndProject
Project("{2150E333-8FDC-42A3-9474-1A3956D46DE8}") = "5. Service", "5. Service", "{F75A1325-65AB-4F7A-A733-21BB9659E612}"
EndProject
Project("{2150E333-8FDC-42A3-9474-1A3956D46DE8}") = "6. User Interface", "6. User Interface", "{B852FD0B-759D-432D-9FE6-D34AD7BC931D}"
EndProject
Project("{FAE04EC0-301F-11D3-BF4B-00C04F79EFBC}") = "Proyecto.Servicios.Shared", "Proyecto.Servicios.Shared\Proyecto.Servicios.Shared.csproj", "{16289B29-4A30-4FA4-A902-D73678BE4E78}"
EndProject
Project("{FAE04EC0-301F-11D3-BF4B-00C04F79EFBC}") = "Proyecto.Servicios.Model", "Proyecto.Servicios.Model\Proyecto.Servicios.Model.csproj", "{882925D5-FB10-47D0-B80E-953FE9C48F27}"
EndProject
Project("{FAE04EC0-301F-11D3-BF4B-00C04F79EFBC}") = "Proyecto.Servicios.Model.Service", "Proyecto.Servicios.Model.Service\Proyecto.Servicios.Model.Service.csproj", "{FD895C09-77DC-4455-BA13-5D1354482CDF}"
EndProject
Project("{FAE04EC0-301F-11D3-BF4B-00C04F79EFBC}") = "Proyecto.Servicios.Resource", "Proyecto.Servicios.Resource\Proyecto.Servicios.Resource.csproj", "{C8739735-BC98-4A1F-8021-B0F7FB6B6081}"
EndProject
Project("{FAE04EC0-301F-11D3-BF4B-00C04F79EFBC}") = "Proyecto.Servicios.Services", "Proyecto.Servicios.Services\Proyecto.Servicios.Services.csproj", "{E07B9773-47F2-49AE-AF0E-BCD8952F9EDB}"
EndProject
Project("{FAE04EC0-301F-11D3-BF4B-00C04F79EFBC}") = "Proyecto.Servicios.IDomain", "Proyecto.Servicios.IDomain\Proyecto.Servicios.IDomain.csproj", "{52EB19FB-A4E2-4E1A-B0EC-C36ECF52E681}"
EndProject
Project("{FAE04EC0-301F-11D3-BF4B-00C04F79EFBC}") = "Proyecto.Servicios.Domain", "Proyecto.Servicios.Domain\Proyecto.Servicios.Domain.csproj", "{465F9977-CA6D-4B21-9C3F-609434D6D0D8}"
EndProject
Project("{FAE04EC0-301F-11D3-BF4B-00C04F79EFBC}") = "Proyecto.Servicios.IRepository", "Proyecto.Servicios.IRepository\Proyecto.Servicios.IRepository.csproj", "{D9D69FA7-6E78-4AAF-B504-AAF822896123}"
EndProject
Project("{FAE04EC0-301F-11D3-BF4B-00C04F79EFBC}") = "Proyecto.Servicios.Repository", "Proyecto.Servicios.Repository\Proyecto.Servicios.Repository.csproj", "{8172A544-8560-48EE-9DC1-C61962E9D62F}"
EndProject
Global
	GlobalSection(SolutionConfigurationPlatforms) = preSolution
		Debug|Any CPU = Debug|Any CPU
		Release|Any CPU = Release|Any CPU
	EndGlobalSection
	GlobalSection(ProjectConfigurationPlatforms) = postSolution
		{16289B29-4A30-4FA4-A902-D73678BE4E78}.Debug|Any CPU.ActiveCfg = Debug|Any CPU
		{16289B29-4A30-4FA4-A902-D73678BE4E78}.Debug|Any CPU.Build.0 = Debug|Any CPU
		{16289B29-4A30-4FA4-A902-D73678BE4E78}.Release|Any CPU.ActiveCfg = Release|Any CPU
		{16289B29-4A30-4FA4-A902-D73678BE4E78}.Release|Any CPU.Build.0 = Release|Any CPU
		{882925D5-FB10-47D0-B80E-953FE9C48F27}.Debug|Any CPU.ActiveCfg = Debug|Any CPU
		{882925D5-FB10-47D0-B80E-953FE9C48F27}.Debug|Any CPU.Build.0 = Debug|Any CPU
		{882925D5-FB10-47D0-B80E-953FE9C48F27}.Release|Any CPU.ActiveCfg = Release|Any CPU
		{882925D5-FB10-47D0-B80E-953FE9C48F27}.Release|Any CPU.Build.0 = Release|Any CPU
		{FD895C09-77DC-4455-BA13-5D1354482CDF}.Debug|Any CPU.ActiveCfg = Debug|Any CPU
		{FD895C09-77DC-4455-BA13-5D1354482CDF}.Debug|Any CPU.Build.0 = Debug|Any CPU
		{FD895C09-77DC-4455-BA13-5D1354482CDF}.Release|Any CPU.ActiveCfg = Release|Any CPU
		{FD895C09-77DC-4455-BA13-5D1354482CDF}.Release|Any CPU.Build.0 = Release|Any CPU
		{C8739735-BC98-4A1F-8021-B0F7FB6B6081}.Debug|Any CPU.ActiveCfg = Debug|Any CPU
		{C8739735-BC98-4A1F-8021-B0F7FB6B6081}.Debug|Any CPU.Build.0 = Debug|Any CPU
		{C8739735-BC98-4A1F-8021-B0F7FB6B6081}.Release|Any CPU.ActiveCfg = Release|Any CPU
		{C8739735-BC98-4A1F-8021-B0F7FB6B6081}.Release|Any CPU.Build.0 = Release|Any CPU
		{E07B9773-47F2-49AE-AF0E-BCD8952F9EDB}.Debug|Any CPU.ActiveCfg = Debug|Any CPU
		{E07B9773-47F2-49AE-AF0E-BCD8952F9EDB}.Debug|Any CPU.Build.0 = Debug|Any CPU
		{E07B9773-47F2-49AE-AF0E-BCD8952F9EDB}.Release|Any CPU.ActiveCfg = Release|Any CPU
		{E07B9773-47F2-49AE-AF0E-BCD8952F9EDB}.Release|Any CPU.Build.0 = Release|Any CPU
		{52EB19FB-A4E2-4E1A-B0EC-C36ECF52E681}.Debug|Any CPU.ActiveCfg = Debug|Any CPU
		{52EB19FB-A4E2-4E1A-B0EC-C36ECF52E681}.Debug|Any CPU.Build.0 = Debug|Any CPU
		{52EB19FB-A4E2-4E1A-B0EC-C36ECF52E681}.Release|Any CPU.ActiveCfg = Release|Any CPU
		{52EB19FB-A4E2-4E1A-B0EC-C36ECF52E681}.Release|Any CPU.Build.0 = Release|Any CPU
		{465F9977-CA6D-4B21-9C3F-609434D6D0D8}.Debug|Any CPU.ActiveCfg = Debug|Any CPU
		{465F9977-CA6D-4B21-9C3F-609434D6D0D8}.Debug|Any CPU.Build.0 = Debug|Any CPU
		{465F9977-CA6D-4B21-9C3F-609434D6D0D8}.Release|Any CPU.ActiveCfg = Release|Any CPU
		{465F9977-CA6D-4B21-9C3F-609434D6D0D8}.Release|Any CPU.Build.0 = Release|Any CPU
		{D9D69FA7-6E78-4AAF-B504-AAF822896123}.Debug|Any CPU.ActiveCfg = Debug|Any CPU
		{D9D69FA7-6E78-4AAF-B504-AAF822896123}.Debug|Any CPU.Build.0 = Debug|Any CPU
		{D9D69FA7-6E78-4AAF-B504-AAF822896123}.Release|Any CPU.ActiveCfg = Release|Any CPU
		{D9D69FA7-6E78-4AAF-B504-AAF822896123}.Release|Any CPU.Build.0 = Release|Any CPU
		{8172A544-8560-48EE-9DC1-C61962E9D62F}.Debug|Any CPU.ActiveCfg = Debug|Any CPU
		{8172A544-8560-48EE-9DC1-C61962E9D62F}.Debug|Any CPU.Build.0 = Debug|Any CPU
		{8172A544-8560-48EE-9DC1-C61962E9D62F}.Release|Any CPU.ActiveCfg = Release|Any CPU
		{8172A544-8560-48EE-9DC1-C61962E9D62F}.Release|Any CPU.Build.0 = Release|Any CPU
	EndGlobalSection
	GlobalSection(SolutionProperties) = preSolution
		HideSolutionNode = FALSE
	EndGlobalSection
	GlobalSection(NestedProjects) = preSolution
		{16289B29-4A30-4FA4-A902-D73678BE4E78} = {576D72DF-0AFB-415B-BE0C-CD3B6B6FB309}
		{882925D5-FB10-47D0-B80E-953FE9C48F27} = {DBAD7AC5-8C52-47F0-A090-86D49F6CC1D0}
		{FD895C09-77DC-4455-BA13-5D1354482CDF} = {DBAD7AC5-8C52-47F0-A090-86D49F6CC1D0}
		{C8739735-BC98-4A1F-8021-B0F7FB6B6081} = {F75A1325-65AB-4F7A-A733-21BB9659E612}
		{E07B9773-47F2-49AE-AF0E-BCD8952F9EDB} = {F75A1325-65AB-4F7A-A733-21BB9659E612}
		{52EB19FB-A4E2-4E1A-B0EC-C36ECF52E681} = {40F534CE-7066-4B80-ACFC-79DD2EFBC7CD}
		{465F9977-CA6D-4B21-9C3F-609434D6D0D8} = {40F534CE-7066-4B80-ACFC-79DD2EFBC7CD}
		{D9D69FA7-6E78-4AAF-B504-AAF822896123} = {2F1FA279-2111-41EA-A26D-C8D306DC3DC2}
		{8172A544-8560-48EE-9DC1-C61962E9D62F} = {2F1FA279-2111-41EA-A26D-C8D306DC3DC2}
	EndGlobalSection
	GlobalSection(ExtensibilityGlobals) = postSolution
		SolutionGuid = {E15ACEB2-EC63-4446-8C62-94A785AF15DA}
	EndGlobalSection
EndGlobal
